// !$*UTF8*$!
{
	archiveVersion = 1;
	classes = {
	};
	objectVersion = 56;
	objects = {

/* Begin PBXBuildFile section */
		6EB5C5882AC5892A0005236E /* AppDelegate.swift in Sources */ = {isa = PBXBuildFile; fileRef = 6EB5C5872AC5892A0005236E /* AppDelegate.swift */; };
		6EB5C58C2AC5892A0005236E /* HomeViewController.swift in Sources */ = {isa = PBXBuildFile; fileRef = 6EB5C58B2AC5892A0005236E /* HomeViewController.swift */; };
		6EB5C5912AC5892C0005236E /* Assets.xcassets in Resources */ = {isa = PBXBuildFile; fileRef = 6EB5C5902AC5892C0005236E /* Assets.xcassets */; };
		6EB5C5942AC5892C0005236E /* LaunchScreen.storyboard in Resources */ = {isa = PBXBuildFile; fileRef = 6EB5C5922AC5892C0005236E /* LaunchScreen.storyboard */; };
		6EB5C59C2AC5895A0005236E /* Coordinator.swift in Sources */ = {isa = PBXBuildFile; fileRef = 6EB5C59B2AC5895A0005236E /* Coordinator.swift */; };
		6EB5C59E2AC589830005236E /* AppCoordinator.swift in Sources */ = {isa = PBXBuildFile; fileRef = 6EB5C59D2AC589830005236E /* AppCoordinator.swift */; };
		6EB5C5A02AC58CF20005236E /* HomeViewController.storyboard in Resources */ = {isa = PBXBuildFile; fileRef = 6EB5C59F2AC58CF20005236E /* HomeViewController.storyboard */; };
		6EB5C5A22AC58D1D0005236E /* Storyboarded.swift in Sources */ = {isa = PBXBuildFile; fileRef = 6EB5C5A12AC58D1D0005236E /* Storyboarded.swift */; };
		6EB5C5A42AC58E390005236E /* HomeCoordinator.swift in Sources */ = {isa = PBXBuildFile; fileRef = 6EB5C5A32AC58E390005236E /* HomeCoordinator.swift */; };
		6EB5C5B62ACB26CE0005236E /* PhotoTableViewCell.swift in Sources */ = {isa = PBXBuildFile; fileRef = 6EB5C5B42ACB26CE0005236E /* PhotoTableViewCell.swift */; };
		6EB5C5B72ACB26CE0005236E /* PhotoTableViewCell.xib in Resources */ = {isa = PBXBuildFile; fileRef = 6EB5C5B52ACB26CE0005236E /* PhotoTableViewCell.xib */; };
		6EB5C5BF2ACC04490005236E /* PhotoCellModel.swift in Sources */ = {isa = PBXBuildFile; fileRef = 6EB5C5BE2ACC04490005236E /* PhotoCellModel.swift */; };
		6EB5C5C12ACC0A010005236E /* HomeViewViewModel.swift in Sources */ = {isa = PBXBuildFile; fileRef = 6EB5C5C02ACC0A010005236E /* HomeViewViewModel.swift */; };
		6EB5C5C42ACC11B00005236E /* RxCocoa in Frameworks */ = {isa = PBXBuildFile; productRef = 6EB5C5C32ACC11B00005236E /* RxCocoa */; };
		6EB5C5C62ACC11B00005236E /* RxRelay in Frameworks */ = {isa = PBXBuildFile; productRef = 6EB5C5C52ACC11B00005236E /* RxRelay */; };
		6EB5C5C82ACC11B00005236E /* RxSwift in Frameworks */ = {isa = PBXBuildFile; productRef = 6EB5C5C72ACC11B00005236E /* RxSwift */; };
		6EB5C5CA2ACC13FC0005236E /* PhotoModel.swift in Sources */ = {isa = PBXBuildFile; fileRef = 6EB5C5C92ACC13FC0005236E /* PhotoModel.swift */; };
		6EB5C5CC2ACC20F90005236E /* UIFont.swift in Sources */ = {isa = PBXBuildFile; fileRef = 6EB5C5CB2ACC20F90005236E /* UIFont.swift */; };
		6EB5C5CE2ACC245F0005236E /* UIColor.swift in Sources */ = {isa = PBXBuildFile; fileRef = 6EB5C5CD2ACC245F0005236E /* UIColor.swift */; };
		6EB5C5D02ACC29DB0005236E /* CGColor.swift in Sources */ = {isa = PBXBuildFile; fileRef = 6EB5C5CF2ACC29DB0005236E /* CGColor.swift */; };
		6EB5C5D22ACC2AC90005236E /* UIView.swift in Sources */ = {isa = PBXBuildFile; fileRef = 6EB5C5D12ACC2AC90005236E /* UIView.swift */; };
		6EB5C5D82ACC50920005236E /* Date.swift in Sources */ = {isa = PBXBuildFile; fileRef = 6EB5C5D72ACC50920005236E /* Date.swift */; };
		6EB5C5DB2ACC779B0005236E /* Kingfisher in Frameworks */ = {isa = PBXBuildFile; productRef = 6EB5C5DA2ACC779B0005236E /* Kingfisher */; };
		6EB5C5DD2ACC7B3F0005236E /* String.swift in Sources */ = {isa = PBXBuildFile; fileRef = 6EB5C5DC2ACC7B3F0005236E /* String.swift */; };
/* End PBXBuildFile section */

/* Begin PBXFileReference section */
		6EB5C5842AC5892A0005236E /* MarsRoverPhotos.app */ = {isa = PBXFileReference; explicitFileType = wrapper.application; includeInIndex = 0; path = MarsRoverPhotos.app; sourceTree = BUILT_PRODUCTS_DIR; };
		6EB5C5872AC5892A0005236E /* AppDelegate.swift */ = {isa = PBXFileReference; lastKnownFileType = sourcecode.swift; path = AppDelegate.swift; sourceTree = "<group>"; };
		6EB5C58B2AC5892A0005236E /* HomeViewController.swift */ = {isa = PBXFileReference; lastKnownFileType = sourcecode.swift; path = HomeViewController.swift; sourceTree = "<group>"; };
		6EB5C5902AC5892C0005236E /* Assets.xcassets */ = {isa = PBXFileReference; lastKnownFileType = folder.assetcatalog; path = Assets.xcassets; sourceTree = "<group>"; };
		6EB5C5932AC5892C0005236E /* Base */ = {isa = PBXFileReference; lastKnownFileType = file.storyboard; name = Base; path = Base.lproj/LaunchScreen.storyboard; sourceTree = "<group>"; };
		6EB5C5952AC5892C0005236E /* Info.plist */ = {isa = PBXFileReference; lastKnownFileType = text.plist.xml; path = Info.plist; sourceTree = "<group>"; };
		6EB5C59B2AC5895A0005236E /* Coordinator.swift */ = {isa = PBXFileReference; lastKnownFileType = sourcecode.swift; path = Coordinator.swift; sourceTree = "<group>"; };
		6EB5C59D2AC589830005236E /* AppCoordinator.swift */ = {isa = PBXFileReference; lastKnownFileType = sourcecode.swift; path = AppCoordinator.swift; sourceTree = "<group>"; };
		6EB5C59F2AC58CF20005236E /* HomeViewController.storyboard */ = {isa = PBXFileReference; lastKnownFileType = file.storyboard; path = HomeViewController.storyboard; sourceTree = "<group>"; };
		6EB5C5A12AC58D1D0005236E /* Storyboarded.swift */ = {isa = PBXFileReference; lastKnownFileType = sourcecode.swift; path = Storyboarded.swift; sourceTree = "<group>"; };
		6EB5C5A32AC58E390005236E /* HomeCoordinator.swift */ = {isa = PBXFileReference; lastKnownFileType = sourcecode.swift; path = HomeCoordinator.swift; sourceTree = "<group>"; };
		6EB5C5B42ACB26CE0005236E /* PhotoTableViewCell.swift */ = {isa = PBXFileReference; lastKnownFileType = sourcecode.swift; path = PhotoTableViewCell.swift; sourceTree = "<group>"; };
		6EB5C5B52ACB26CE0005236E /* PhotoTableViewCell.xib */ = {isa = PBXFileReference; lastKnownFileType = file.xib; path = PhotoTableViewCell.xib; sourceTree = "<group>"; };
		6EB5C5BE2ACC04490005236E /* PhotoCellModel.swift */ = {isa = PBXFileReference; lastKnownFileType = sourcecode.swift; path = PhotoCellModel.swift; sourceTree = "<group>"; };
		6EB5C5C02ACC0A010005236E /* HomeViewViewModel.swift */ = {isa = PBXFileReference; lastKnownFileType = sourcecode.swift; path = HomeViewViewModel.swift; sourceTree = "<group>"; };
		6EB5C5C92ACC13FC0005236E /* PhotoModel.swift */ = {isa = PBXFileReference; lastKnownFileType = sourcecode.swift; path = PhotoModel.swift; sourceTree = "<group>"; };
		6EB5C5CB2ACC20F90005236E /* UIFont.swift */ = {isa = PBXFileReference; lastKnownFileType = sourcecode.swift; path = UIFont.swift; sourceTree = "<group>"; };
		6EB5C5CD2ACC245F0005236E /* UIColor.swift */ = {isa = PBXFileReference; lastKnownFileType = sourcecode.swift; path = UIColor.swift; sourceTree = "<group>"; };
		6EB5C5CF2ACC29DB0005236E /* CGColor.swift */ = {isa = PBXFileReference; lastKnownFileType = sourcecode.swift; path = CGColor.swift; sourceTree = "<group>"; };
		6EB5C5D12ACC2AC90005236E /* UIView.swift */ = {isa = PBXFileReference; lastKnownFileType = sourcecode.swift; path = UIView.swift; sourceTree = "<group>"; };
		6EB5C5D72ACC50920005236E /* Date.swift */ = {isa = PBXFileReference; lastKnownFileType = sourcecode.swift; path = Date.swift; sourceTree = "<group>"; };
		6EB5C5DC2ACC7B3F0005236E /* String.swift */ = {isa = PBXFileReference; lastKnownFileType = sourcecode.swift; path = String.swift; sourceTree = "<group>"; };
/* End PBXFileReference section */

/* Begin PBXFrameworksBuildPhase section */
		6EB5C5812AC5892A0005236E /* Frameworks */ = {
			isa = PBXFrameworksBuildPhase;
			buildActionMask = 2147483647;
			files = (
				6EB5C5DB2ACC779B0005236E /* Kingfisher in Frameworks */,
				6EB5C5C82ACC11B00005236E /* RxSwift in Frameworks */,
				6EB5C5C62ACC11B00005236E /* RxRelay in Frameworks */,
				6EB5C5C42ACC11B00005236E /* RxCocoa in Frameworks */,
			);
			runOnlyForDeploymentPostprocessing = 0;
		};
/* End PBXFrameworksBuildPhase section */

/* Begin PBXGroup section */
		6EB5C57B2AC5892A0005236E = {
			isa = PBXGroup;
			children = (
				6EB5C5862AC5892A0005236E /* MarsRoverPhotos */,
				6EB5C5852AC5892A0005236E /* Products */,
			);
			sourceTree = "<group>";
		};
		6EB5C5852AC5892A0005236E /* Products */ = {
			isa = PBXGroup;
			children = (
				6EB5C5842AC5892A0005236E /* MarsRoverPhotos.app */,
			);
			name = Products;
			sourceTree = "<group>";
		};
		6EB5C5862AC5892A0005236E /* MarsRoverPhotos */ = {
			isa = PBXGroup;
			children = (
				6EB5C5DE2ACC7B640005236E /* Extensions */,
				6EB5C5A82AC591B50005236E /* Common */,
				6EB5C5A62AC591190005236E /* Scenes */,
				6EB5C5A52AC591020005236E /* Main */,
				6EB5C5902AC5892C0005236E /* Assets.xcassets */,
				6EB5C5922AC5892C0005236E /* LaunchScreen.storyboard */,
				6EB5C5952AC5892C0005236E /* Info.plist */,
				6EB5C5C92ACC13FC0005236E /* PhotoModel.swift */,
			);
			path = MarsRoverPhotos;
			sourceTree = "<group>";
		};
		6EB5C5A52AC591020005236E /* Main */ = {
			isa = PBXGroup;
			children = (
				6EB5C59D2AC589830005236E /* AppCoordinator.swift */,
				6EB5C5872AC5892A0005236E /* AppDelegate.swift */,
			);
			path = Main;
			sourceTree = "<group>";
		};
		6EB5C5A62AC591190005236E /* Scenes */ = {
			isa = PBXGroup;
			children = (
				6EB5C5A72AC591500005236E /* Home */,
				6EB5C5A32AC58E390005236E /* HomeCoordinator.swift */,
			);
			path = Scenes;
			sourceTree = "<group>";
		};
		6EB5C5A72AC591500005236E /* Home */ = {
			isa = PBXGroup;
			children = (
				6EB5C5DF2ACC7B880005236E /* PhotoCell */,
				6EB5C58B2AC5892A0005236E /* HomeViewController.swift */,
				6EB5C59F2AC58CF20005236E /* HomeViewController.storyboard */,
				6EB5C5C02ACC0A010005236E /* HomeViewViewModel.swift */,
			);
			path = Home;
			sourceTree = "<group>";
		};
		6EB5C5A82AC591B50005236E /* Common */ = {
			isa = PBXGroup;
			children = (
				6EB5C59B2AC5895A0005236E /* Coordinator.swift */,
				6EB5C5A12AC58D1D0005236E /* Storyboarded.swift */,
			);
			path = Common;
			sourceTree = "<group>";
		};
		6EB5C5DE2ACC7B640005236E /* Extensions */ = {
			isa = PBXGroup;
			children = (
				6EB5C5CD2ACC245F0005236E /* UIColor.swift */,
				6EB5C5CF2ACC29DB0005236E /* CGColor.swift */,
				6EB5C5DC2ACC7B3F0005236E /* String.swift */,
				6EB5C5D72ACC50920005236E /* Date.swift */,
				6EB5C5D12ACC2AC90005236E /* UIView.swift */,
				6EB5C5CB2ACC20F90005236E /* UIFont.swift */,
			);
			path = Extensions;
			sourceTree = "<group>";
		};
		6EB5C5DF2ACC7B880005236E /* PhotoCell */ = {
			isa = PBXGroup;
			children = (
				6EB5C5B52ACB26CE0005236E /* PhotoTableViewCell.xib */,
				6EB5C5BE2ACC04490005236E /* PhotoCellModel.swift */,
				6EB5C5B42ACB26CE0005236E /* PhotoTableViewCell.swift */,
			);
			path = PhotoCell;
			sourceTree = "<group>";
		};
/* End PBXGroup section */

/* Begin PBXNativeTarget section */
		6EB5C5832AC5892A0005236E /* MarsRoverPhotos */ = {
			isa = PBXNativeTarget;
			buildConfigurationList = 6EB5C5982AC5892C0005236E /* Build configuration list for PBXNativeTarget "MarsRoverPhotos" */;
			buildPhases = (
				6EB5C5802AC5892A0005236E /* Sources */,
				6EB5C5812AC5892A0005236E /* Frameworks */,
				6EB5C5822AC5892A0005236E /* Resources */,
			);
			buildRules = (
			);
			dependencies = (
			);
			name = MarsRoverPhotos;
			packageProductDependencies = (
				6EB5C5C32ACC11B00005236E /* RxCocoa */,
				6EB5C5C52ACC11B00005236E /* RxRelay */,
				6EB5C5C72ACC11B00005236E /* RxSwift */,
				6EB5C5DA2ACC779B0005236E /* Kingfisher */,
			);
			productName = MarsRoverPhotos;
			productReference = 6EB5C5842AC5892A0005236E /* MarsRoverPhotos.app */;
			productType = "com.apple.product-type.application";
		};
/* End PBXNativeTarget section */

/* Begin PBXProject section */
		6EB5C57C2AC5892A0005236E /* Project object */ = {
			isa = PBXProject;
			attributes = {
				BuildIndependentTargetsInParallel = 1;
				LastSwiftUpdateCheck = 1430;
				LastUpgradeCheck = 1430;
				TargetAttributes = {
					6EB5C5832AC5892A0005236E = {
						CreatedOnToolsVersion = 14.3.1;
					};
				};
			};
			buildConfigurationList = 6EB5C57F2AC5892A0005236E /* Build configuration list for PBXProject "MarsRoverPhotos" */;
			compatibilityVersion = "Xcode 14.0";
			developmentRegion = en;
			hasScannedForEncodings = 0;
			knownRegions = (
				en,
				Base,
			);
			mainGroup = 6EB5C57B2AC5892A0005236E;
			packageReferences = (
				6EB5C5C22ACC11B00005236E /* XCRemoteSwiftPackageReference "RxSwift" */,
				6EB5C5D92ACC779B0005236E /* XCRemoteSwiftPackageReference "Kingfisher" */,
			);
			productRefGroup = 6EB5C5852AC5892A0005236E /* Products */;
			projectDirPath = "";
			projectRoot = "";
			targets = (
				6EB5C5832AC5892A0005236E /* MarsRoverPhotos */,
			);
		};
/* End PBXProject section */

/* Begin PBXResourcesBuildPhase section */
		6EB5C5822AC5892A0005236E /* Resources */ = {
			isa = PBXResourcesBuildPhase;
			buildActionMask = 2147483647;
			files = (
				6EB5C5B72ACB26CE0005236E /* PhotoTableViewCell.xib in Resources */,
				6EB5C5942AC5892C0005236E /* LaunchScreen.storyboard in Resources */,
				6EB5C5912AC5892C0005236E /* Assets.xcassets in Resources */,
				6EB5C5A02AC58CF20005236E /* HomeViewController.storyboard in Resources */,
			);
			runOnlyForDeploymentPostprocessing = 0;
		};
/* End PBXResourcesBuildPhase section */

/* Begin PBXSourcesBuildPhase section */
		6EB5C5802AC5892A0005236E /* Sources */ = {
			isa = PBXSourcesBuildPhase;
			buildActionMask = 2147483647;
			files = (
				6EB5C5C12ACC0A010005236E /* HomeViewViewModel.swift in Sources */,
				6EB5C5B62ACB26CE0005236E /* PhotoTableViewCell.swift in Sources */,
				6EB5C59C2AC5895A0005236E /* Coordinator.swift in Sources */,
				6EB5C58C2AC5892A0005236E /* HomeViewController.swift in Sources */,
				6EB5C59E2AC589830005236E /* AppCoordinator.swift in Sources */,
				6EB5C5D82ACC50920005236E /* Date.swift in Sources */,
				6EB5C5882AC5892A0005236E /* AppDelegate.swift in Sources */,
				6EB5C5A42AC58E390005236E /* HomeCoordinator.swift in Sources */,
				6EB5C5CC2ACC20F90005236E /* UIFont.swift in Sources */,
				6EB5C5CE2ACC245F0005236E /* UIColor.swift in Sources */,
				6EB5C5D22ACC2AC90005236E /* UIView.swift in Sources */,
				6EB5C5CA2ACC13FC0005236E /* PhotoModel.swift in Sources */,
				6EB5C5D02ACC29DB0005236E /* CGColor.swift in Sources */,
				6EB5C5DD2ACC7B3F0005236E /* String.swift in Sources */,
				6EB5C5BF2ACC04490005236E /* PhotoCellModel.swift in Sources */,
				6EB5C5A22AC58D1D0005236E /* Storyboarded.swift in Sources */,
			);
			runOnlyForDeploymentPostprocessing = 0;
		};
/* End PBXSourcesBuildPhase section */

/* Begin PBXVariantGroup section */
		6EB5C5922AC5892C0005236E /* LaunchScreen.storyboard */ = {
			isa = PBXVariantGroup;
			children = (
				6EB5C5932AC5892C0005236E /* Base */,
			);
			name = LaunchScreen.storyboard;
			sourceTree = "<group>";
		};
/* End PBXVariantGroup section */

/* Begin XCBuildConfiguration section */
		6EB5C5962AC5892C0005236E /* Debug */ = {
			isa = XCBuildConfiguration;
			buildSettings = {
				ALWAYS_SEARCH_USER_PATHS = NO;
				CLANG_ANALYZER_NONNULL = YES;
				CLANG_ANALYZER_NUMBER_OBJECT_CONVERSION = YES_AGGRESSIVE;
				CLANG_CXX_LANGUAGE_STANDARD = "gnu++20";
				CLANG_ENABLE_MODULES = YES;
				CLANG_ENABLE_OBJC_ARC = YES;
				CLANG_ENABLE_OBJC_WEAK = YES;
				CLANG_WARN_BLOCK_CAPTURE_AUTORELEASING = YES;
				CLANG_WARN_BOOL_CONVERSION = YES;
				CLANG_WARN_COMMA = YES;
				CLANG_WARN_CONSTANT_CONVERSION = YES;
				CLANG_WARN_DEPRECATED_OBJC_IMPLEMENTATIONS = YES;
				CLANG_WARN_DIRECT_OBJC_ISA_USAGE = YES_ERROR;
				CLANG_WARN_DOCUMENTATION_COMMENTS = YES;
				CLANG_WARN_EMPTY_BODY = YES;
				CLANG_WARN_ENUM_CONVERSION = YES;
				CLANG_WARN_INFINITE_RECURSION = YES;
				CLANG_WARN_INT_CONVERSION = YES;
				CLANG_WARN_NON_LITERAL_NULL_CONVERSION = YES;
				CLANG_WARN_OBJC_IMPLICIT_RETAIN_SELF = YES;
				CLANG_WARN_OBJC_LITERAL_CONVERSION = YES;
				CLANG_WARN_OBJC_ROOT_CLASS = YES_ERROR;
				CLANG_WARN_QUOTED_INCLUDE_IN_FRAMEWORK_HEADER = YES;
				CLANG_WARN_RANGE_LOOP_ANALYSIS = YES;
				CLANG_WARN_STRICT_PROTOTYPES = YES;
				CLANG_WARN_SUSPICIOUS_MOVE = YES;
				CLANG_WARN_UNGUARDED_AVAILABILITY = YES_AGGRESSIVE;
				CLANG_WARN_UNREACHABLE_CODE = YES;
				CLANG_WARN__DUPLICATE_METHOD_MATCH = YES;
				COPY_PHASE_STRIP = NO;
				DEBUG_INFORMATION_FORMAT = dwarf;
				ENABLE_STRICT_OBJC_MSGSEND = YES;
				ENABLE_TESTABILITY = YES;
				GCC_C_LANGUAGE_STANDARD = gnu11;
				GCC_DYNAMIC_NO_PIC = NO;
				GCC_NO_COMMON_BLOCKS = YES;
				GCC_OPTIMIZATION_LEVEL = 0;
				GCC_PREPROCESSOR_DEFINITIONS = (
					"DEBUG=1",
					"$(inherited)",
				);
				GCC_WARN_64_TO_32_BIT_CONVERSION = YES;
				GCC_WARN_ABOUT_RETURN_TYPE = YES_ERROR;
				GCC_WARN_UNDECLARED_SELECTOR = YES;
				GCC_WARN_UNINITIALIZED_AUTOS = YES_AGGRESSIVE;
				GCC_WARN_UNUSED_FUNCTION = YES;
				GCC_WARN_UNUSED_VARIABLE = YES;
				IPHONEOS_DEPLOYMENT_TARGET = 16.4;
				MTL_ENABLE_DEBUG_INFO = INCLUDE_SOURCE;
				MTL_FAST_MATH = YES;
				ONLY_ACTIVE_ARCH = YES;
				SDKROOT = iphoneos;
				SWIFT_ACTIVE_COMPILATION_CONDITIONS = DEBUG;
				SWIFT_OPTIMIZATION_LEVEL = "-Onone";
			};
			name = Debug;
		};
		6EB5C5972AC5892C0005236E /* Release */ = {
			isa = XCBuildConfiguration;
			buildSettings = {
				ALWAYS_SEARCH_USER_PATHS = NO;
				CLANG_ANALYZER_NONNULL = YES;
				CLANG_ANALYZER_NUMBER_OBJECT_CONVERSION = YES_AGGRESSIVE;
				CLANG_CXX_LANGUAGE_STANDARD = "gnu++20";
				CLANG_ENABLE_MODULES = YES;
				CLANG_ENABLE_OBJC_ARC = YES;
				CLANG_ENABLE_OBJC_WEAK = YES;
				CLANG_WARN_BLOCK_CAPTURE_AUTORELEASING = YES;
				CLANG_WARN_BOOL_CONVERSION = YES;
				CLANG_WARN_COMMA = YES;
				CLANG_WARN_CONSTANT_CONVERSION = YES;
				CLANG_WARN_DEPRECATED_OBJC_IMPLEMENTATIONS = YES;
				CLANG_WARN_DIRECT_OBJC_ISA_USAGE = YES_ERROR;
				CLANG_WARN_DOCUMENTATION_COMMENTS = YES;
				CLANG_WARN_EMPTY_BODY = YES;
				CLANG_WARN_ENUM_CONVERSION = YES;
				CLANG_WARN_INFINITE_RECURSION = YES;
				CLANG_WARN_INT_CONVERSION = YES;
				CLANG_WARN_NON_LITERAL_NULL_CONVERSION = YES;
				CLANG_WARN_OBJC_IMPLICIT_RETAIN_SELF = YES;
				CLANG_WARN_OBJC_LITERAL_CONVERSION = YES;
				CLANG_WARN_OBJC_ROOT_CLASS = YES_ERROR;
				CLANG_WARN_QUOTED_INCLUDE_IN_FRAMEWORK_HEADER = YES;
				CLANG_WARN_RANGE_LOOP_ANALYSIS = YES;
				CLANG_WARN_STRICT_PROTOTYPES = YES;
				CLANG_WARN_SUSPICIOUS_MOVE = YES;
				CLANG_WARN_UNGUARDED_AVAILABILITY = YES_AGGRESSIVE;
				CLANG_WARN_UNREACHABLE_CODE = YES;
				CLANG_WARN__DUPLICATE_METHOD_MATCH = YES;
				COPY_PHASE_STRIP = NO;
				DEBUG_INFORMATION_FORMAT = "dwarf-with-dsym";
				ENABLE_NS_ASSERTIONS = NO;
				ENABLE_STRICT_OBJC_MSGSEND = YES;
				GCC_C_LANGUAGE_STANDARD = gnu11;
				GCC_NO_COMMON_BLOCKS = YES;
				GCC_WARN_64_TO_32_BIT_CONVERSION = YES;
				GCC_WARN_ABOUT_RETURN_TYPE = YES_ERROR;
				GCC_WARN_UNDECLARED_SELECTOR = YES;
				GCC_WARN_UNINITIALIZED_AUTOS = YES_AGGRESSIVE;
				GCC_WARN_UNUSED_FUNCTION = YES;
				GCC_WARN_UNUSED_VARIABLE = YES;
				IPHONEOS_DEPLOYMENT_TARGET = 16.4;
				MTL_ENABLE_DEBUG_INFO = NO;
				MTL_FAST_MATH = YES;
				SDKROOT = iphoneos;
				SWIFT_COMPILATION_MODE = wholemodule;
				SWIFT_OPTIMIZATION_LEVEL = "-O";
				VALIDATE_PRODUCT = YES;
			};
			name = Release;
		};
		6EB5C5992AC5892C0005236E /* Debug */ = {
			isa = XCBuildConfiguration;
			buildSettings = {
				ASSETCATALOG_COMPILER_APPICON_NAME = AppIcon;
				ASSETCATALOG_COMPILER_GLOBAL_ACCENT_COLOR_NAME = AccentColor;
				CODE_SIGN_STYLE = Automatic;
				CURRENT_PROJECT_VERSION = 1;
				GENERATE_INFOPLIST_FILE = YES;
				INFOPLIST_FILE = MarsRoverPhotos/Info.plist;
				INFOPLIST_KEY_UIApplicationSupportsIndirectInputEvents = YES;
				INFOPLIST_KEY_UILaunchStoryboardName = LaunchScreen;
				INFOPLIST_KEY_UISupportedInterfaceOrientations = UIInterfaceOrientationPortrait;
				LD_RUNPATH_SEARCH_PATHS = (
					"$(inherited)",
					"@executable_path/Frameworks",
				);
				MARKETING_VERSION = 1.0;
				PRODUCT_BUNDLE_IDENTIFIER = com.kupchenkoliza.MarsRoverPhotos;
				PRODUCT_NAME = "$(TARGET_NAME)";
				SWIFT_EMIT_LOC_STRINGS = YES;
				SWIFT_VERSION = 5.0;
				TARGETED_DEVICE_FAMILY = "1,2";
			};
			name = Debug;
		};
		6EB5C59A2AC5892C0005236E /* Release */ = {
			isa = XCBuildConfiguration;
			buildSettings = {
				ASSETCATALOG_COMPILER_APPICON_NAME = AppIcon;
				ASSETCATALOG_COMPILER_GLOBAL_ACCENT_COLOR_NAME = AccentColor;
				CODE_SIGN_STYLE = Automatic;
				CURRENT_PROJECT_VERSION = 1;
				GENERATE_INFOPLIST_FILE = YES;
				INFOPLIST_FILE = MarsRoverPhotos/Info.plist;
				INFOPLIST_KEY_UIApplicationSupportsIndirectInputEvents = YES;
				INFOPLIST_KEY_UILaunchStoryboardName = LaunchScreen;
				INFOPLIST_KEY_UISupportedInterfaceOrientations = UIInterfaceOrientationPortrait;
				LD_RUNPATH_SEARCH_PATHS = (
					"$(inherited)",
					"@executable_path/Frameworks",
				);
				MARKETING_VERSION = 1.0;
				PRODUCT_BUNDLE_IDENTIFIER = com.kupchenkoliza.MarsRoverPhotos;
				PRODUCT_NAME = "$(TARGET_NAME)";
				SWIFT_EMIT_LOC_STRINGS = YES;
				SWIFT_VERSION = 5.0;
				TARGETED_DEVICE_FAMILY = "1,2";
			};
			name = Release;
		};
/* End XCBuildConfiguration section */

/* Begin XCConfigurationList section */
		6EB5C57F2AC5892A0005236E /* Build configuration list for PBXProject "MarsRoverPhotos" */ = {
			isa = XCConfigurationList;
			buildConfigurations = (
				6EB5C5962AC5892C0005236E /* Debug */,
				6EB5C5972AC5892C0005236E /* Release */,
			);
			defaultConfigurationIsVisible = 0;
			defaultConfigurationName = Release;
		};
		6EB5C5982AC5892C0005236E /* Build configuration list for PBXNativeTarget "MarsRoverPhotos" */ = {
			isa = XCConfigurationList;
			buildConfigurations = (
				6EB5C5992AC5892C0005236E /* Debug */,
				6EB5C59A2AC5892C0005236E /* Release */,
			);
			defaultConfigurationIsVisible = 0;
			defaultConfigurationName = Release;
		};
/* End XCConfigurationList section */

/* Begin XCRemoteSwiftPackageReference section */
		6EB5C5C22ACC11B00005236E /* XCRemoteSwiftPackageReference "RxSwift" */ = {
			isa = XCRemoteSwiftPackageReference;
			repositoryURL = "https://github.com/ReactiveX/RxSwift.git";
			requirement = {
				kind = upToNextMajorVersion;
				minimumVersion = 6.0.0;
			};
		};
		6EB5C5D92ACC779B0005236E /* XCRemoteSwiftPackageReference "Kingfisher" */ = {
			isa = XCRemoteSwiftPackageReference;
			repositoryURL = "https://github.com/onevcat/Kingfisher.git";
			requirement = {
				kind = upToNextMajorVersion;
				minimumVersion = 7.0.0;
			};
		};
/* End XCRemoteSwiftPackageReference section */

/* Begin XCSwiftPackageProductDependency section */
		6EB5C5C32ACC11B00005236E /* RxCocoa */ = {
			isa = XCSwiftPackageProductDependency;
			package = 6EB5C5C22ACC11B00005236E /* XCRemoteSwiftPackageReference "RxSwift" */;
			productName = RxCocoa;
		};
		6EB5C5C52ACC11B00005236E /* RxRelay */ = {
			isa = XCSwiftPackageProductDependency;
			package = 6EB5C5C22ACC11B00005236E /* XCRemoteSwiftPackageReference "RxSwift" */;
			productName = RxRelay;
		};
		6EB5C5C72ACC11B00005236E /* RxSwift */ = {
			isa = XCSwiftPackageProductDependency;
			package = 6EB5C5C22ACC11B00005236E /* XCRemoteSwiftPackageReference "RxSwift" */;
			productName = RxSwift;
		};
		6EB5C5DA2ACC779B0005236E /* Kingfisher */ = {
			isa = XCSwiftPackageProductDependency;
			package = 6EB5C5D92ACC779B0005236E /* XCRemoteSwiftPackageReference "Kingfisher" */;
			productName = Kingfisher;
		};
/* End XCSwiftPackageProductDependency section */
	};
	rootObject = 6EB5C57C2AC5892A0005236E /* Project object */;
}
